
Microsoft Visual Studio Solution File, Format Version 12.00
# Visual Studio Version 17
VisualStudioVersion = 17.0.32126.317
MinimumVisualStudioVersion = 10.0.40219.1
Project("{9A19103F-16F7-4668-BE54-9A1E7A4F7556}") = "การบ้าน", "การบ้าน.csproj", "{CAB01616-5510-4F7D-AE39-F2351DCCD5CE}"
EndProject
Project("{FAE04EC0-301F-11D3-BF4B-00C04F79EFBC}") = "การบ้านTests", "..\การบ้านTests\การบ้านTests.csproj", "{3A7F7B24-0035-4A55-AF3A-9BBD88A3090D}"
EndProject
Global
	GlobalSection(SolutionConfigurationPlatforms) = preSolution
		Debug|Any CPU = Debug|Any CPU
		Release|Any CPU = Release|Any CPU
	EndGlobalSection
	GlobalSection(ProjectConfigurationPlatforms) = postSolution
		{CAB01616-5510-4F7D-AE39-F2351DCCD5CE}.Debug|Any CPU.ActiveCfg = Debug|Any CPU
		{CAB01616-5510-4F7D-AE39-F2351DCCD5CE}.Debug|Any CPU.Build.0 = Debug|Any CPU
		{CAB01616-5510-4F7D-AE39-F2351DCCD5CE}.Release|Any CPU.ActiveCfg = Release|Any CPU
		{CAB01616-5510-4F7D-AE39-F2351DCCD5CE}.Release|Any CPU.Build.0 = Release|Any CPU
		{3A7F7B24-0035-4A55-AF3A-9BBD88A3090D}.Debug|Any CPU.ActiveCfg = Debug|Any CPU
		{3A7F7B24-0035-4A55-AF3A-9BBD88A3090D}.Debug|Any CPU.Build.0 = Debug|Any CPU
		{3A7F7B24-0035-4A55-AF3A-9BBD88A3090D}.Release|Any CPU.ActiveCfg = Release|Any CPU
		{3A7F7B24-0035-4A55-AF3A-9BBD88A3090D}.Release|Any CPU.Build.0 = Release|Any CPU
	EndGlobalSection
	GlobalSection(SolutionProperties) = preSolution
		HideSolutionNode = FALSE
	EndGlobalSection
	GlobalSection(ExtensibilityGlobals) = postSolution
		SolutionGuid = {259CBDF5-0AD4-4013-89A0-B694E9E0888B}
	EndGlobalSection
EndGlobal
